
Microsoft Visual Studio Solution File, Format Version 12.00
# Visual Studio Version 17
VisualStudioVersion = 17.8.34330.188
MinimumVisualStudioVersion = 10.0.40219.1
Project("{FAE04EC0-301F-11D3-BF4B-00C04F79EFBC}") = "lab10", "lab10\lab10.csproj", "{3E9488AA-CD9A-40F2-8112-41624207E3FD}"
EndProject
Global
	GlobalSection(SolutionConfigurationPlatforms) = preSolution
		Debug|Any CPU = Debug|Any CPU
		Release|Any CPU = Release|Any CPU
	EndGlobalSection
	GlobalSection(ProjectConfigurationPlatforms) = postSolution
		{3E9488AA-CD9A-40F2-8112-41624207E3FD}.Debug|Any CPU.ActiveCfg = Debug|Any CPU
		{3E9488AA-CD9A-40F2-8112-41624207E3FD}.Debug|Any CPU.Build.0 = Debug|Any CPU
		{3E9488AA-CD9A-40F2-8112-41624207E3FD}.Release|Any CPU.ActiveCfg = Release|Any CPU
		{3E9488AA-CD9A-40F2-8112-41624207E3FD}.Release|Any CPU.Build.0 = Release|Any CPU
	EndGlobalSection
	GlobalSection(SolutionProperties) = preSolution
		HideSolutionNode = FALSE
	EndGlobalSection
	GlobalSection(ExtensibilityGlobals) = postSolution
		SolutionGuid = {673E9525-AE5B-4A6C-ADE8-74596F0822D3}
	EndGlobalSection
EndGlobal
